// !$*UTF8*$!
{
	archiveVersion = 1;
	classes = {
	};
	objectVersion = 50;
	objects = {

/* Begin PBXBuildFile section */
		64EA662525E03043001BA8E8 /* HelloAppleApp.swift in Sources */ = {isa = PBXBuildFile; fileRef = 64EA662425E03043001BA8E8 /* HelloAppleApp.swift */; };
		64EA662725E03043001BA8E8 /* ContentView.swift in Sources */ = {isa = PBXBuildFile; fileRef = 64EA662625E03043001BA8E8 /* ContentView.swift */; };
		64EA662925E03046001BA8E8 /* Assets.xcassets in Resources */ = {isa = PBXBuildFile; fileRef = 64EA662825E03046001BA8E8 /* Assets.xcassets */; };
		64EA662C25E03046001BA8E8 /* Preview Assets.xcassets in Resources */ = {isa = PBXBuildFile; fileRef = 64EA662B25E03046001BA8E8 /* Preview Assets.xcassets */; };
		64EA663725E03047001BA8E8 /* HelloAppleTests.swift in Sources */ = {isa = PBXBuildFile; fileRef = 64EA663625E03047001BA8E8 /* HelloAppleTests.swift */; };
		64EA664225E03047001BA8E8 /* HelloAppleUITests.swift in Sources */ = {isa = PBXBuildFile; fileRef = 64EA664125E03047001BA8E8 /* HelloAppleUITests.swift */; };
/* End PBXBuildFile section */

/* Begin PBXContainerItemProxy section */
		64EA663325E03047001BA8E8 /* PBXContainerItemProxy */ = {
			isa = PBXContainerItemProxy;
			containerPortal = 64EA661925E03043001BA8E8 /* Project object */;
			proxyType = 1;
			remoteGlobalIDString = 64EA662025E03043001BA8E8;
			remoteInfo = HelloApple;
		};
		64EA663E25E03047001BA8E8 /* PBXContainerItemProxy */ = {
			isa = PBXContainerItemProxy;
			containerPortal = 64EA661925E03043001BA8E8 /* Project object */;
			proxyType = 1;
			remoteGlobalIDString = 64EA662025E03043001BA8E8;
			remoteInfo = HelloApple;
		};
/* End PBXContainerItemProxy section */

/* Begin PBXFileReference section */
		64EA662125E03043001BA8E8 /* HelloApple.app */ = {isa = PBXFileReference; explicitFileType = wrapper.application; includeInIndex = 0; path = HelloApple.app; sourceTree = BUILT_PRODUCTS_DIR; };
		64EA662425E03043001BA8E8 /* HelloAppleApp.swift */ = {isa = PBXFileReference; lastKnownFileType = sourcecode.swift; path = HelloAppleApp.swift; sourceTree = "<group>"; };
		64EA662625E03043001BA8E8 /* ContentView.swift */ = {isa = PBXFileReference; lastKnownFileType = sourcecode.swift; path = ContentView.swift; sourceTree = "<group>"; };
		64EA662825E03046001BA8E8 /* Assets.xcassets */ = {isa = PBXFileReference; lastKnownFileType = folder.assetcatalog; path = Assets.xcassets; sourceTree = "<group>"; };
		64EA662B25E03046001BA8E8 /* Preview Assets.xcassets */ = {isa = PBXFileReference; lastKnownFileType = folder.assetcatalog; path = "Preview Assets.xcassets"; sourceTree = "<group>"; };
		64EA662D25E03046001BA8E8 /* Info.plist */ = {isa = PBXFileReference; lastKnownFileType = text.plist.xml; path = Info.plist; sourceTree = "<group>"; };
		64EA663225E03047001BA8E8 /* HelloAppleTests.xctest */ = {isa = PBXFileReference; explicitFileType = wrapper.cfbundle; includeInIndex = 0; path = HelloAppleTests.xctest; sourceTree = BUILT_PRODUCTS_DIR; };
		64EA663625E03047001BA8E8 /* HelloAppleTests.swift */ = {isa = PBXFileReference; lastKnownFileType = sourcecode.swift; path = HelloAppleTests.swift; sourceTree = "<group>"; };
		64EA663825E03047001BA8E8 /* Info.plist */ = {isa = PBXFileReference; lastKnownFileType = text.plist.xml; path = Info.plist; sourceTree = "<group>"; };
		64EA663D25E03047001BA8E8 /* HelloAppleUITests.xctest */ = {isa = PBXFileReference; explicitFileType = wrapper.cfbundle; includeInIndex = 0; path = HelloAppleUITests.xctest; sourceTree = BUILT_PRODUCTS_DIR; };
		64EA664125E03047001BA8E8 /* HelloAppleUITests.swift */ = {isa = PBXFileReference; lastKnownFileType = sourcecode.swift; path = HelloAppleUITests.swift; sourceTree = "<group>"; };
		64EA664325E03047001BA8E8 /* Info.plist */ = {isa = PBXFileReference; lastKnownFileType = text.plist.xml; path = Info.plist; sourceTree = "<group>"; };
/* End PBXFileReference section */

/* Begin PBXFrameworksBuildPhase section */
		64EA661E25E03043001BA8E8 /* Frameworks */ = {
			isa = PBXFrameworksBuildPhase;
			buildActionMask = 2147483647;
			files = (
			);
			runOnlyForDeploymentPostprocessing = 0;
		};
		64EA662F25E03047001BA8E8 /* Frameworks */ = {
			isa = PBXFrameworksBuildPhase;
			buildActionMask = 2147483647;
			files = (
			);
			runOnlyForDeploymentPostprocessing = 0;
		};
		64EA663A25E03047001BA8E8 /* Frameworks */ = {
			isa = PBXFrameworksBuildPhase;
			buildActionMask = 2147483647;
			files = (
			);
			runOnlyForDeploymentPostprocessing = 0;
		};
/* End PBXFrameworksBuildPhase section */

/* Begin PBXGroup section */
		64EA661825E03043001BA8E8 = {
			isa = PBXGroup;
			children = (
				64EA662325E03043001BA8E8 /* HelloApple */,
				64EA663525E03047001BA8E8 /* HelloAppleTests */,
				64EA664025E03047001BA8E8 /* HelloAppleUITests */,
				64EA662225E03043001BA8E8 /* Products */,
			);
			sourceTree = "<group>";
		};
		64EA662225E03043001BA8E8 /* Products */ = {
			isa = PBXGroup;
			children = (
				64EA662125E03043001BA8E8 /* HelloApple.app */,
				64EA663225E03047001BA8E8 /* HelloAppleTests.xctest */,
				64EA663D25E03047001BA8E8 /* HelloAppleUITests.xctest */,
			);
			name = Products;
			sourceTree = "<group>";
		};
		64EA662325E03043001BA8E8 /* HelloApple */ = {
			isa = PBXGroup;
			children = (
				64EA662425E03043001BA8E8 /* HelloAppleApp.swift */,
				64EA662625E03043001BA8E8 /* ContentView.swift */,
				64EA662825E03046001BA8E8 /* Assets.xcassets */,
				64EA662D25E03046001BA8E8 /* Info.plist */,
				64EA662A25E03046001BA8E8 /* Preview Content */,
			);
			path = HelloApple;
			sourceTree = "<group>";
		};
		64EA662A25E03046001BA8E8 /* Preview Content */ = {
			isa = PBXGroup;
			children = (
				64EA662B25E03046001BA8E8 /* Preview Assets.xcassets */,
			);
			path = "Preview Content";
			sourceTree = "<group>";
		};
		64EA663525E03047001BA8E8 /* HelloAppleTests */ = {
			isa = PBXGroup;
			children = (
				64EA663625E03047001BA8E8 /* HelloAppleTests.swift */,
				64EA663825E03047001BA8E8 /* Info.plist */,
			);
			path = HelloAppleTests;
			sourceTree = "<group>";
		};
		64EA664025E03047001BA8E8 /* HelloAppleUITests */ = {
			isa = PBXGroup;
			children = (
				64EA664125E03047001BA8E8 /* HelloAppleUITests.swift */,
				64EA664325E03047001BA8E8 /* Info.plist */,
			);
			path = HelloAppleUITests;
			sourceTree = "<group>";
		};
/* End PBXGroup section */

/* Begin PBXNativeTarget section */
		64EA662025E03043001BA8E8 /* HelloApple */ = {
			isa = PBXNativeTarget;
			buildConfigurationList = 64EA664625E03047001BA8E8 /* Build configuration list for PBXNativeTarget "HelloApple" */;
			buildPhases = (
				64EA661D25E03043001BA8E8 /* Sources */,
				64EA661E25E03043001BA8E8 /* Frameworks */,
				64EA661F25E03043001BA8E8 /* Resources */,
			);
			buildRules = (
			);
			dependencies = (
			);
			name = HelloApple;
			productName = HelloApple;
			productReference = 64EA662125E03043001BA8E8 /* HelloApple.app */;
			productType = "com.apple.product-type.application";
		};
		64EA663125E03047001BA8E8 /* HelloAppleTests */ = {
			isa = PBXNativeTarget;
			buildConfigurationList = 64EA664925E03047001BA8E8 /* Build configuration list for PBXNativeTarget "HelloAppleTests" */;
			buildPhases = (
				64EA662E25E03047001BA8E8 /* Sources */,
				64EA662F25E03047001BA8E8 /* Frameworks */,
				64EA663025E03047001BA8E8 /* Resources */,
			);
			buildRules = (
			);
			dependencies = (
				64EA663425E03047001BA8E8 /* PBXTargetDependency */,
			);
			name = HelloAppleTests;
			productName = HelloAppleTests;
			productReference = 64EA663225E03047001BA8E8 /* HelloAppleTests.xctest */;
			productType = "com.apple.product-type.bundle.unit-test";
		};
		64EA663C25E03047001BA8E8 /* HelloAppleUITests */ = {
			isa = PBXNativeTarget;
			buildConfigurationList = 64EA664C25E03047001BA8E8 /* Build configuration list for PBXNativeTarget "HelloAppleUITests" */;
			buildPhases = (
				64EA663925E03047001BA8E8 /* Sources */,
				64EA663A25E03047001BA8E8 /* Frameworks */,
				64EA663B25E03047001BA8E8 /* Resources */,
			);
			buildRules = (
			);
			dependencies = (
				64EA663F25E03047001BA8E8 /* PBXTargetDependency */,
			);
			name = HelloAppleUITests;
			productName = HelloAppleUITests;
			productReference = 64EA663D25E03047001BA8E8 /* HelloAppleUITests.xctest */;
			productType = "com.apple.product-type.bundle.ui-testing";
		};
/* End PBXNativeTarget section */

/* Begin PBXProject section */
		64EA661925E03043001BA8E8 /* Project object */ = {
			isa = PBXProject;
			attributes = {
				LastSwiftUpdateCheck = 1240;
				LastUpgradeCheck = 1240;
				TargetAttributes = {
					64EA662025E03043001BA8E8 = {
						CreatedOnToolsVersion = 12.4;
					};
					64EA663125E03047001BA8E8 = {
						CreatedOnToolsVersion = 12.4;
						TestTargetID = 64EA662025E03043001BA8E8;
					};
					64EA663C25E03047001BA8E8 = {
						CreatedOnToolsVersion = 12.4;
						TestTargetID = 64EA662025E03043001BA8E8;
					};
				};
			};
			buildConfigurationList = 64EA661C25E03043001BA8E8 /* Build configuration list for PBXProject "HelloApple" */;
			compatibilityVersion = "Xcode 9.3";
			developmentRegion = en;
			hasScannedForEncodings = 0;
			knownRegions = (
				en,
				Base,
			);
			mainGroup = 64EA661825E03043001BA8E8;
			productRefGroup = 64EA662225E03043001BA8E8 /* Products */;
			projectDirPath = "";
			projectRoot = "";
			targets = (
				64EA662025E03043001BA8E8 /* HelloApple */,
				64EA663125E03047001BA8E8 /* HelloAppleTests */,
				64EA663C25E03047001BA8E8 /* HelloAppleUITests */,
			);
		};
/* End PBXProject section */

/* Begin PBXResourcesBuildPhase section */
		64EA661F25E03043001BA8E8 /* Resources */ = {
			isa = PBXResourcesBuildPhase;
			buildActionMask = 2147483647;
			files = (
				64EA662C25E03046001BA8E8 /* Preview Assets.xcassets in Resources */,
				64EA662925E03046001BA8E8 /* Assets.xcassets in Resources */,
			);
			runOnlyForDeploymentPostprocessing = 0;
		};
		64EA663025E03047001BA8E8 /* Resources */ = {
			isa = PBXResourcesBuildPhase;
			buildActionMask = 2147483647;
			files = (
			);
			runOnlyForDeploymentPostprocessing = 0;
		};
		64EA663B25E03047001BA8E8 /* Resources */ = {
			isa = PBXResourcesBuildPhase;
			buildActionMask = 2147483647;
			files = (
			);
			runOnlyForDeploymentPostprocessing = 0;
		};
/* End PBXResourcesBuildPhase section */

/* Begin PBXSourcesBuildPhase section */
		64EA661D25E03043001BA8E8 /* Sources */ = {
			isa = PBXSourcesBuildPhase;
			buildActionMask = 2147483647;
			files = (
				64EA662725E03043001BA8E8 /* ContentView.swift in Sources */,
				64EA662525E03043001BA8E8 /* HelloAppleApp.swift in Sources */,
			);
			runOnlyForDeploymentPostprocessing = 0;
		};
		64EA662E25E03047001BA8E8 /* Sources */ = {
			isa = PBXSourcesBuildPhase;
			buildActionMask = 2147483647;
			files = (
				64EA663725E03047001BA8E8 /* HelloAppleTests.swift in Sources */,
			);
			runOnlyForDeploymentPostprocessing = 0;
		};
		64EA663925E03047001BA8E8 /* Sources */ = {
			isa = PBXSourcesBuildPhase;
			buildActionMask = 2147483647;
			files = (
				64EA664225E03047001BA8E8 /* HelloAppleUITests.swift in Sources */,
			);
			runOnlyForDeploymentPostprocessing = 0;
		};
/* End PBXSourcesBuildPhase section */

/* Begin PBXTargetDependency section */
		64EA663425E03047001BA8E8 /* PBXTargetDependency */ = {
			isa = PBXTargetDependency;
			target = 64EA662025E03043001BA8E8 /* HelloApple */;
			targetProxy = 64EA663325E03047001BA8E8 /* PBXContainerItemProxy */;
		};
		64EA663F25E03047001BA8E8 /* PBXTargetDependency */ = {
			isa = PBXTargetDependency;
			target = 64EA662025E03043001BA8E8 /* HelloApple */;
			targetProxy = 64EA663E25E03047001BA8E8 /* PBXContainerItemProxy */;
		};
/* End PBXTargetDependency section */

/* Begin XCBuildConfiguration section */
		64EA664425E03047001BA8E8 /* Debug */ = {
			isa = XCBuildConfiguration;
			buildSettings = {
				ALWAYS_SEARCH_USER_PATHS = NO;
				CLANG_ANALYZER_NONNULL = YES;
				CLANG_ANALYZER_NUMBER_OBJECT_CONVERSION = YES_AGGRESSIVE;
				CLANG_CXX_LANGUAGE_STANDARD = "gnu++14";
				CLANG_CXX_LIBRARY = "libc++";
				CLANG_ENABLE_MODULES = YES;
				CLANG_ENABLE_OBJC_ARC = YES;
				CLANG_ENABLE_OBJC_WEAK = YES;
				CLANG_WARN_BLOCK_CAPTURE_AUTORELEASING = YES;
				CLANG_WARN_BOOL_CONVERSION = YES;
				CLANG_WARN_COMMA = YES;
				CLANG_WARN_CONSTANT_CONVERSION = YES;
				CLANG_WARN_DEPRECATED_OBJC_IMPLEMENTATIONS = YES;
				CLANG_WARN_DIRECT_OBJC_ISA_USAGE = YES_ERROR;
				CLANG_WARN_DOCUMENTATION_COMMENTS = YES;
				CLANG_WARN_EMPTY_BODY = YES;
				CLANG_WARN_ENUM_CONVERSION = YES;
				CLANG_WARN_INFINITE_RECURSION = YES;
				CLANG_WARN_INT_CONVERSION = YES;
				CLANG_WARN_NON_LITERAL_NULL_CONVERSION = YES;
				CLANG_WARN_OBJC_IMPLICIT_RETAIN_SELF = YES;
				CLANG_WARN_OBJC_LITERAL_CONVERSION = YES;
				CLANG_WARN_OBJC_ROOT_CLASS = YES_ERROR;
				CLANG_WARN_QUOTED_INCLUDE_IN_FRAMEWORK_HEADER = YES;
				CLANG_WARN_RANGE_LOOP_ANALYSIS = YES;
				CLANG_WARN_STRICT_PROTOTYPES = YES;
				CLANG_WARN_SUSPICIOUS_MOVE = YES;
				CLANG_WARN_UNGUARDED_AVAILABILITY = YES_AGGRESSIVE;
				CLANG_WARN_UNREACHABLE_CODE = YES;
				CLANG_WARN__DUPLICATE_METHOD_MATCH = YES;
				COPY_PHASE_STRIP = NO;
				DEBUG_INFORMATION_FORMAT = dwarf;
				ENABLE_STRICT_OBJC_MSGSEND = YES;
				ENABLE_TESTABILITY = YES;
				GCC_C_LANGUAGE_STANDARD = gnu11;
				GCC_DYNAMIC_NO_PIC = NO;
				GCC_NO_COMMON_BLOCKS = YES;
				GCC_OPTIMIZATION_LEVEL = 0;
				GCC_PREPROCESSOR_DEFINITIONS = (
					"DEBUG=1",
					"$(inherited)",
				);
				GCC_WARN_64_TO_32_BIT_CONVERSION = YES;
				GCC_WARN_ABOUT_RETURN_TYPE = YES_ERROR;
				GCC_WARN_UNDECLARED_SELECTOR = YES;
				GCC_WARN_UNINITIALIZED_AUTOS = YES_AGGRESSIVE;
				GCC_WARN_UNUSED_FUNCTION = YES;
				GCC_WARN_UNUSED_VARIABLE = YES;
				IPHONEOS_DEPLOYMENT_TARGET = 14.4;
				MTL_ENABLE_DEBUG_INFO = INCLUDE_SOURCE;
				MTL_FAST_MATH = YES;
				ONLY_ACTIVE_ARCH = YES;
				SDKROOT = iphoneos;
				SWIFT_ACTIVE_COMPILATION_CONDITIONS = DEBUG;
				SWIFT_OPTIMIZATION_LEVEL = "-Onone";
			};
			name = Debug;
		};
		64EA664525E03047001BA8E8 /* Release */ = {
			isa = XCBuildConfiguration;
			buildSettings = {
				ALWAYS_SEARCH_USER_PATHS = NO;
				CLANG_ANALYZER_NONNULL = YES;
				CLANG_ANALYZER_NUMBER_OBJECT_CONVERSION = YES_AGGRESSIVE;
				CLANG_CXX_LANGUAGE_STANDARD = "gnu++14";
				CLANG_CXX_LIBRARY = "libc++";
				CLANG_ENABLE_MODULES = YES;
				CLANG_ENABLE_OBJC_ARC = YES;
				CLANG_ENABLE_OBJC_WEAK = YES;
				CLANG_WARN_BLOCK_CAPTURE_AUTORELEASING = YES;
				CLANG_WARN_BOOL_CONVERSION = YES;
				CLANG_WARN_COMMA = YES;
				CLANG_WARN_CONSTANT_CONVERSION = YES;
				CLANG_WARN_DEPRECATED_OBJC_IMPLEMENTATIONS = YES;
				CLANG_WARN_DIRECT_OBJC_ISA_USAGE = YES_ERROR;
				CLANG_WARN_DOCUMENTATION_COMMENTS = YES;
				CLANG_WARN_EMPTY_BODY = YES;
				CLANG_WARN_ENUM_CONVERSION = YES;
				CLANG_WARN_INFINITE_RECURSION = YES;
				CLANG_WARN_INT_CONVERSION = YES;
				CLANG_WARN_NON_LITERAL_NULL_CONVERSION = YES;
				CLANG_WARN_OBJC_IMPLICIT_RETAIN_SELF = YES;
				CLANG_WARN_OBJC_LITERAL_CONVERSION = YES;
				CLANG_WARN_OBJC_ROOT_CLASS = YES_ERROR;
				CLANG_WARN_QUOTED_INCLUDE_IN_FRAMEWORK_HEADER = YES;
				CLANG_WARN_RANGE_LOOP_ANALYSIS = YES;
				CLANG_WARN_STRICT_PROTOTYPES = YES;
				CLANG_WARN_SUSPICIOUS_MOVE = YES;
				CLANG_WARN_UNGUARDED_AVAILABILITY = YES_AGGRESSIVE;
				CLANG_WARN_UNREACHABLE_CODE = YES;
				CLANG_WARN__DUPLICATE_METHOD_MATCH = YES;
				COPY_PHASE_STRIP = NO;
				DEBUG_INFORMATION_FORMAT = "dwarf-with-dsym";
				ENABLE_NS_ASSERTIONS = NO;
				ENABLE_STRICT_OBJC_MSGSEND = YES;
				GCC_C_LANGUAGE_STANDARD = gnu11;
				GCC_NO_COMMON_BLOCKS = YES;
				GCC_WARN_64_TO_32_BIT_CONVERSION = YES;
				GCC_WARN_ABOUT_RETURN_TYPE = YES_ERROR;
				GCC_WARN_UNDECLARED_SELECTOR = YES;
				GCC_WARN_UNINITIALIZED_AUTOS = YES_AGGRESSIVE;
				GCC_WARN_UNUSED_FUNCTION = YES;
				GCC_WARN_UNUSED_VARIABLE = YES;
				IPHONEOS_DEPLOYMENT_TARGET = 14.4;
				MTL_ENABLE_DEBUG_INFO = NO;
				MTL_FAST_MATH = YES;
				SDKROOT = iphoneos;
				SWIFT_COMPILATION_MODE = wholemodule;
				SWIFT_OPTIMIZATION_LEVEL = "-O";
				VALIDATE_PRODUCT = YES;
			};
			name = Release;
		};
		64EA664725E03047001BA8E8 /* Debug */ = {
			isa = XCBuildConfiguration;
			buildSettings = {
				ASSETCATALOG_COMPILER_APPICON_NAME = AppIcon;
				ASSETCATALOG_COMPILER_GLOBAL_ACCENT_COLOR_NAME = AccentColor;
				CODE_SIGN_STYLE = Automatic;
				DEVELOPMENT_ASSET_PATHS = "\"HelloApple/Preview Content\"";
				ENABLE_PREVIEWS = YES;
				INFOPLIST_FILE = HelloApple/Info.plist;
				IPHONEOS_DEPLOYMENT_TARGET = 14.0;
				LD_RUNPATH_SEARCH_PATHS = (
					"$(inherited)",
					"@executable_path/Frameworks",
				);
				PRODUCT_BUNDLE_IDENTIFIER = me.suraiyabd80.HelloApple;
				PRODUCT_NAME = "$(TARGET_NAME)";
				SWIFT_VERSION = 5.0;
				TARGETED_DEVICE_FAMILY = "1,2";
			};
			name = Debug;
		};
		64EA664825E03047001BA8E8 /* Release */ = {
			isa = XCBuildConfiguration;
			buildSettings = {
				ASSETCATALOG_COMPILER_APPICON_NAME = AppIcon;
				ASSETCATALOG_COMPILER_GLOBAL_ACCENT_COLOR_NAME = AccentColor;
				CODE_SIGN_STYLE = Automatic;
				DEVELOPMENT_ASSET_PATHS = "\"HelloApple/Preview Content\"";
				ENABLE_PREVIEWS = YES;
				INFOPLIST_FILE = HelloApple/Info.plist;
				IPHONEOS_DEPLOYMENT_TARGET = 14.0;
				LD_RUNPATH_SEARCH_PATHS = (
					"$(inherited)",
					"@executable_path/Frameworks",
				);
				PRODUCT_BUNDLE_IDENTIFIER = me.suraiyabd80.HelloApple;
				PRODUCT_NAME = "$(TARGET_NAME)";
				SWIFT_VERSION = 5.0;
				TARGETED_DEVICE_FAMILY = "1,2";
			};
			name = Release;
		};
		64EA664A25E03047001BA8E8 /* Debug */ = {
			isa = XCBuildConfiguration;
			buildSettings = {
				ALWAYS_EMBED_SWIFT_STANDARD_LIBRARIES = YES;
				BUNDLE_LOADER = "$(TEST_HOST)";
				CODE_SIGN_STYLE = Automatic;
				INFOPLIST_FILE = HelloAppleTests/Info.plist;
				IPHONEOS_DEPLOYMENT_TARGET = 14.0;
				LD_RUNPATH_SEARCH_PATHS = (
					"$(inherited)",
					"@executable_path/Frameworks",
					"@loader_path/Frameworks",
				);
				PRODUCT_BUNDLE_IDENTIFIER = me.suraiyabd80.HelloAppleTests;
				PRODUCT_NAME = "$(TARGET_NAME)";
				SWIFT_VERSION = 5.0;
				TARGETED_DEVICE_FAMILY = "1,2";
				TEST_HOST = "$(BUILT_PRODUCTS_DIR)/HelloApple.app/HelloApple";
			};
			name = Debug;
		};
		64EA664B25E03047001BA8E8 /* Release */ = {
			isa = XCBuildConfiguration;
			buildSettings = {
				ALWAYS_EMBED_SWIFT_STANDARD_LIBRARIES = YES;
				BUNDLE_LOADER = "$(TEST_HOST)";
				CODE_SIGN_STYLE = Automatic;
				INFOPLIST_FILE = HelloAppleTests/Info.plist;
				IPHONEOS_DEPLOYMENT_TARGET = 14.0;
				LD_RUNPATH_SEARCH_PATHS = (
					"$(inherited)",
					"@executable_path/Frameworks",
					"@loader_path/Frameworks",
				);
				PRODUCT_BUNDLE_IDENTIFIER = me.suraiyabd80.HelloAppleTests;
				PRODUCT_NAME = "$(TARGET_NAME)";
				SWIFT_VERSION = 5.0;
				TARGETED_DEVICE_FAMILY = "1,2";
				TEST_HOST = "$(BUILT_PRODUCTS_DIR)/HelloApple.app/HelloApple";
			};
			name = Release;
		};
		64EA664D25E03047001BA8E8 /* Debug */ = {
			isa = XCBuildConfiguration;
			buildSettings = {
				ALWAYS_EMBED_SWIFT_STANDARD_LIBRARIES = YES;
				CODE_SIGN_STYLE = Automatic;
				INFOPLIST_FILE = HelloAppleUITests/Info.plist;
				LD_RUNPATH_SEARCH_PATHS = (
					"$(inherited)",
					"@executable_path/Frameworks",
					"@loader_path/Frameworks",
				);
				PRODUCT_BUNDLE_IDENTIFIER = me.suraiyabd80.HelloAppleUITests;
				PRODUCT_NAME = "$(TARGET_NAME)";
				SWIFT_VERSION = 5.0;
				TARGETED_DEVICE_FAMILY = "1,2";
				TEST_TARGET_NAME = HelloApple;
			};
			name = Debug;
		};
		64EA664E25E03047001BA8E8 /* Release */ = {
			isa = XCBuildConfiguration;
			buildSettings = {
				ALWAYS_EMBED_SWIFT_STANDARD_LIBRARIES = YES;
				CODE_SIGN_STYLE = Automatic;
				INFOPLIST_FILE = HelloAppleUITests/Info.plist;
				LD_RUNPATH_SEARCH_PATHS = (
					"$(inherited)",
					"@executable_path/Frameworks",
					"@loader_path/Frameworks",
				);
				PRODUCT_BUNDLE_IDENTIFIER = me.suraiyabd80.HelloAppleUITests;
				PRODUCT_NAME = "$(TARGET_NAME)";
				SWIFT_VERSION = 5.0;
				TARGETED_DEVICE_FAMILY = "1,2";
				TEST_TARGET_NAME = HelloApple;
			};
			name = Release;
		};
/* End XCBuildConfiguration section */

/* Begin XCConfigurationList section */
		64EA661C25E03043001BA8E8 /* Build configuration list for PBXProject "HelloApple" */ = {
			isa = XCConfigurationList;
			buildConfigurations = (
				64EA664425E03047001BA8E8 /* Debug */,
				64EA664525E03047001BA8E8 /* Release */,
			);
			defaultConfigurationIsVisible = 0;
			defaultConfigurationName = Release;
		};
		64EA664625E03047001BA8E8 /* Build configuration list for PBXNativeTarget "HelloApple" */ = {
			isa = XCConfigurationList;
			buildConfigurations = (
				64EA664725E03047001BA8E8 /* Debug */,
				64EA664825E03047001BA8E8 /* Release */,
			);
			defaultConfigurationIsVisible = 0;
			defaultConfigurationName = Release;
		};
		64EA664925E03047001BA8E8 /* Build configuration list for PBXNativeTarget "HelloAppleTests" */ = {
			isa = XCConfigurationList;
			buildConfigurations = (
				64EA664A25E03047001BA8E8 /* Debug */,
				64EA664B25E03047001BA8E8 /* Release */,
			);
			defaultConfigurationIsVisible = 0;
			defaultConfigurationName = Release;
		};
		64EA664C25E03047001BA8E8 /* Build configuration list for PBXNativeTarget "HelloAppleUITests" */ = {
			isa = XCConfigurationList;
			buildConfigurations = (
				64EA664D25E03047001BA8E8 /* Debug */,
				64EA664E25E03047001BA8E8 /* Release */,
			);
			defaultConfigurationIsVisible = 0;
			defaultConfigurationName = Release;
		};
/* End XCConfigurationList section */
	};
	rootObject = 64EA661925E03043001BA8E8 /* Project object */;
}
